
Microsoft Visual Studio Solution File, Format Version 12.00
# Visual Studio Version 16
VisualStudioVersion = 16.0.30907.101
MinimumVisualStudioVersion = 10.0.40219.1
Project("{8BC9CEB8-8B4A-11D0-8D11-00A0C91BC942}") = "AdditivePersistence", "AdditivePersistence\AdditivePersistence.vcxproj", "{D1ECB2A4-9738-4643-B7C4-F4F50F8FF77C}"
EndProject
Global
	GlobalSection(SolutionConfigurationPlatforms) = preSolution
		Debug|x64 = Debug|x64
		Debug|x86 = Debug|x86
		Release|x64 = Release|x64
		Release|x86 = Release|x86
	EndGlobalSection
	GlobalSection(ProjectConfigurationPlatforms) = postSolution
		{D1ECB2A4-9738-4643-B7C4-F4F50F8FF77C}.Debug|x64.ActiveCfg = Debug|x64
		{D1ECB2A4-9738-4643-B7C4-F4F50F8FF77C}.Debug|x64.Build.0 = Debug|x64
		{D1ECB2A4-9738-4643-B7C4-F4F50F8FF77C}.Debug|x86.ActiveCfg = Debug|Win32
		{D1ECB2A4-9738-4643-B7C4-F4F50F8FF77C}.Debug|x86.Build.0 = Debug|Win32
		{D1ECB2A4-9738-4643-B7C4-F4F50F8FF77C}.Release|x64.ActiveCfg = Release|x64
		{D1ECB2A4-9738-4643-B7C4-F4F50F8FF77C}.Release|x64.Build.0 = Release|x64
		{D1ECB2A4-9738-4643-B7C4-F4F50F8FF77C}.Release|x86.ActiveCfg = Release|Win32
		{D1ECB2A4-9738-4643-B7C4-F4F50F8FF77C}.Release|x86.Build.0 = Release|Win32
	EndGlobalSection
	GlobalSection(SolutionProperties) = preSolution
		HideSolutionNode = FALSE
	EndGlobalSection
	GlobalSection(ExtensibilityGlobals) = postSolution
		SolutionGuid = {1DADAC51-35A9-42B0-AD13-D61E2560E919}
	EndGlobalSection
EndGlobal
